{
  "name": "platforms",
  "version": "1.0.0",
  "lockfileVersion": 3,
  "requires": true,
  "packages": {
    "": {
      "name": "platforms",
      "version": "1.0.0",
      "license": "ISC",
      "dependencies": {
        "@kristinegnch/platforms": "^1.0.0"
      }
    },
    "node_modules/@kristinegnch/platforms": {
      "version": "1.0.0",
      "resolved": "https://npm.pkg.github.com/download/@kristinegnch/platforms/1.0.0/77896f9afc16edcfcc480a7349a77e46c395e536",
      "integrity": "sha512-wEOLuSXfHTjBcW9G3NcBVQLFo9S7fIfO3mXMs72HG4So83sO9u+DO9ZVRJQLbizOj4wIbSCGynXRkWFoP1BbPg==",
      "license": "ISC"
    }
  }
}
